lockfileVersion: 5.4

specifiers:
  '@fp-ts/schema': ^0.0.8
  prettier: ^2.8.3
  typescript: ^4.9.4

devDependencies:
  '@fp-ts/schema': 0.0.8
  prettier: 2.8.3
  typescript: 4.9.4

packages:

  /@fp-ts/core/0.0.11:
    resolution: {integrity: sha512-BCAJBYzghwoJpcUOARJ1tui50HoYJFlV2pJlVMlsEkDFhD8MTtq8xQVpZCRF66RmtkxtGBYINCQ+5H1lRaL35Q==}
    dev: true

  /@fp-ts/data/0.0.39:
    resolution: {integrity: sha512-dNw1LWjQmChmdenrDuxPct+ycucgKQQboVtWqov8rkAGY3DULznoSDJZam6l2kaLdq1ScPv810N4mzLLT+cBBw==}
    dependencies:
      '@fp-ts/core': 0.0.11
    dev: true

  /@fp-ts/schema/0.0.8:
    resolution: {integrity: sha512-+osZGEnfVO4jaoBnjMRmZT/yoYhu+DoN3eCn0HjWMnDF6ZDUuWahtSTp4HpBwd2lL0+FkulAywvM8WRpy4lZiw==}
    dependencies:
      '@fp-ts/core': 0.0.11
      '@fp-ts/data': 0.0.39
      fast-check: 3.5.0
    dev: true

  /fast-check/3.5.0:
    resolution: {integrity: sha512-5Yk9kfPy1DR8+9nl+wgRbXGM+p7e25nDRuZ/4b3TjIaWu53p/KkwS4uyKFc+Ek2Ft5nF40KRCbPYGrWYp0SjPw==}
    engines: {node: '>=8.0.0'}
    dependencies:
      pure-rand: 5.0.5
    dev: true

  /prettier/2.8.3:
    resolution: {integrity: sha512-tJ/oJ4amDihPoufT5sM0Z1SKEuKay8LfVAMlbbhnnkvt6BUserZylqo2PN+p9KeljLr0OHa2rXHU1T8reeoTrw==}
    engines: {node: '>=10.13.0'}
    hasBin: true
    dev: true

  /pure-rand/5.0.5:
    resolution: {integrity: sha512-BwQpbqxSCBJVpamI6ydzcKqyFmnd5msMWUGvzXLm1aXvusbbgkbOto/EUPM00hjveJEaJtdbhUjKSzWRhQVkaw==}
    dev: true

  /typescript/4.9.4:
    resolution: {integrity: sha512-Uz+dTXYzxXXbsFpM86Wh3dKCxrQqUcVMxwU54orwlJjOpO3ao8L7j5lH+dWfTwgCwIuM9GQ2kvVotzYJMXTBZg==}
    engines: {node: '>=4.2.0'}
    hasBin: true
    dev: true
